// !$*UTF8*$!
{
	archiveVersion = 1;
	classes = {
	};
	objectVersion = 46;
	objects = {

/* Begin PBXBuildFile section */
		5C0E6E281A958AE000222635 /* AppDelegate.swift in Sources */ = {isa = PBXBuildFile; fileRef = 5C0E6E271A958AE000222635 /* AppDelegate.swift */; };
		5C0E6E2A1A958AE000222635 /* NursingViewController.swift in Sources */ = {isa = PBXBuildFile; fileRef = 5C0E6E291A958AE000222635 /* NursingViewController.swift */; };
		5C0E6E2C1A958AE000222635 /* HistoryViewController.swift in Sources */ = {isa = PBXBuildFile; fileRef = 5C0E6E2B1A958AE000222635 /* HistoryViewController.swift */; };
		5C0E6E2F1A958AE000222635 /* Main.storyboard in Resources */ = {isa = PBXBuildFile; fileRef = 5C0E6E2D1A958AE000222635 /* Main.storyboard */; };
		5C0E6E311A958AE000222635 /* Images.xcassets in Resources */ = {isa = PBXBuildFile; fileRef = 5C0E6E301A958AE000222635 /* Images.xcassets */; };
		5C0E6E341A958AE000222635 /* LaunchScreen.xib in Resources */ = {isa = PBXBuildFile; fileRef = 5C0E6E321A958AE000222635 /* LaunchScreen.xib */; };
		5C0E6E541A9591D800222635 /* Timer.swift in Sources */ = {isa = PBXBuildFile; fileRef = 5C0E6E531A9591D800222635 /* Timer.swift */; };
		5C0E6E591A9593DB00222635 /* TimerTests.swift in Sources */ = {isa = PBXBuildFile; fileRef = 5C0E6E571A9593DB00222635 /* TimerTests.swift */; };
		5C5350451ABB6C5C0068AF12 /* Bolts.framework in Frameworks */ = {isa = PBXBuildFile; fileRef = 5C5350431ABB6C5C0068AF12 /* Bolts.framework */; };
		5C5350461ABB6C5C0068AF12 /* Bolts.framework in Frameworks */ = {isa = PBXBuildFile; fileRef = 5C5350431ABB6C5C0068AF12 /* Bolts.framework */; };
		5C5350471ABB6C5C0068AF12 /* Parse.framework in Frameworks */ = {isa = PBXBuildFile; fileRef = 5C5350441ABB6C5C0068AF12 /* Parse.framework */; };
		5C5350481ABB6C5C0068AF12 /* Parse.framework in Frameworks */ = {isa = PBXBuildFile; fileRef = 5C5350441ABB6C5C0068AF12 /* Parse.framework */; };
		5C53504B1ABB6C970068AF12 /* AudioToolbox.framework in Frameworks */ = {isa = PBXBuildFile; fileRef = 5C53504A1ABB6C970068AF12 /* AudioToolbox.framework */; };
		5C5350541ABB6CC50068AF12 /* CFNetwork.framework in Frameworks */ = {isa = PBXBuildFile; fileRef = 5C53504C1ABB6CC50068AF12 /* CFNetwork.framework */; };
		5C5350551ABB6CC50068AF12 /* CoreGraphics.framework in Frameworks */ = {isa = PBXBuildFile; fileRef = 5C53504D1ABB6CC50068AF12 /* CoreGraphics.framework */; };
		5C5350561ABB6CC50068AF12 /* CoreLocation.framework in Frameworks */ = {isa = PBXBuildFile; fileRef = 5C53504E1ABB6CC50068AF12 /* CoreLocation.framework */; };
		5C5350571ABB6CC50068AF12 /* MobileCoreServices.framework in Frameworks */ = {isa = PBXBuildFile; fileRef = 5C53504F1ABB6CC50068AF12 /* MobileCoreServices.framework */; };
		5C5350581ABB6CC50068AF12 /* QuartzCore.framework in Frameworks */ = {isa = PBXBuildFile; fileRef = 5C5350501ABB6CC50068AF12 /* QuartzCore.framework */; };
		5C5350591ABB6CC50068AF12 /* Security.framework in Frameworks */ = {isa = PBXBuildFile; fileRef = 5C5350511ABB6CC50068AF12 /* Security.framework */; };
		5C53505A1ABB6CC50068AF12 /* StoreKit.framework in Frameworks */ = {isa = PBXBuildFile; fileRef = 5C5350521ABB6CC50068AF12 /* StoreKit.framework */; };
		5C53505B1ABB6CC50068AF12 /* SystemConfiguration.framework in Frameworks */ = {isa = PBXBuildFile; fileRef = 5C5350531ABB6CC50068AF12 /* SystemConfiguration.framework */; };
		5C53505D1ABB6CCE0068AF12 /* libz.dylib in Frameworks */ = {isa = PBXBuildFile; fileRef = 5C53505C1ABB6CCE0068AF12 /* libz.dylib */; };
		5C53505F1ABB6CD80068AF12 /* libsqlite3.dylib in Frameworks */ = {isa = PBXBuildFile; fileRef = 5C53505E1ABB6CD80068AF12 /* libsqlite3.dylib */; };
		5C6468341AAFD5E1002DE118 /* HomeViewController.swift in Sources */ = {isa = PBXBuildFile; fileRef = 5C6468331AAFD5E1002DE118 /* HomeViewController.swift */; };
		5C6468381AAFD9E3002DE118 /* LogInViewController.swift in Sources */ = {isa = PBXBuildFile; fileRef = 5C6468371AAFD9E3002DE118 /* LogInViewController.swift */; };
		5C70295F1AAA520900BA1D13 /* AppTheme.swift in Sources */ = {isa = PBXBuildFile; fileRef = 5C70295E1AAA520900BA1D13 /* AppTheme.swift */; };
		5C7029631AAA559000BA1D13 /* AppearanceManager.swift in Sources */ = {isa = PBXBuildFile; fileRef = 5C7029621AAA559000BA1D13 /* AppearanceManager.swift */; };
		5C7029661AAA577100BA1D13 /* NightTheme.swift in Sources */ = {isa = PBXBuildFile; fileRef = 5C7029651AAA577100BA1D13 /* NightTheme.swift */; };
		5C7029681AAA577900BA1D13 /* DayTheme.swift in Sources */ = {isa = PBXBuildFile; fileRef = 5C7029671AAA577900BA1D13 /* DayTheme.swift */; };
		5C70296B1AAA5C4600BA1D13 /* Colors.swift in Sources */ = {isa = PBXBuildFile; fileRef = 5C70296A1AAA5C4600BA1D13 /* Colors.swift */; };
		5C70296D1AAA9EFF00BA1D13 /* Themeable.swift in Sources */ = {isa = PBXBuildFile; fileRef = 5C70296C1AAA9EFF00BA1D13 /* Themeable.swift */; };
		5C80857C1AA0242B0062617A /* Breastfeeding.swift in Sources */ = {isa = PBXBuildFile; fileRef = 5C80857B1AA0242B0062617A /* Breastfeeding.swift */; };
		5C80857F1AA030B40062617A /* HistoryTableCell.swift in Sources */ = {isa = PBXBuildFile; fileRef = 5C80857E1AA030B40062617A /* HistoryTableCell.swift */; };
		5C8085811AA04C2C0062617A /* TimeIntervalFormatter.swift in Sources */ = {isa = PBXBuildFile; fileRef = 5C8085801AA04C2C0062617A /* TimeIntervalFormatter.swift */; };
		5CC898FA1AB0F37A007BE346 /* colorFromHex.swift in Sources */ = {isa = PBXBuildFile; fileRef = 5CC898F91AB0F37A007BE346 /* colorFromHex.swift */; };
		5CC898FD1AB102AD007BE346 /* isDaytime.swift in Sources */ = {isa = PBXBuildFile; fileRef = 5CC898FC1AB102AD007BE346 /* isDaytime.swift */; };
		5CEDEE3E1AA6AAF300BBFE66 /* BreastService.swift in Sources */ = {isa = PBXBuildFile; fileRef = 5CEDEE3D1AA6AAF300BBFE66 /* BreastService.swift */; };
		5CEFCE791ABC61E800460830 /* BottleService.swift in Sources */ = {isa = PBXBuildFile; fileRef = 5CEFCE781ABC61E800460830 /* BottleService.swift */; };
		5CEFCE7B1ABC626400460830 /* Bottlefeeding.swift in Sources */ = {isa = PBXBuildFile; fileRef = 5CEFCE7A1ABC626400460830 /* Bottlefeeding.swift */; };
		5CEFCE7F1ABCCB2200460830 /* BottleViewController.swift in Sources */ = {isa = PBXBuildFile; fileRef = 5CEFCE7E1ABCCB2200460830 /* BottleViewController.swift */; };
		5CF7109A1ABE74AA006AACF9 /* Login.storyboard in Resources */ = {isa = PBXBuildFile; fileRef = 5CF710991ABE74AA006AACF9 /* Login.storyboard */; };
		5CF7109C1ABE769B006AACF9 /* getController.swift in Sources */ = {isa = PBXBuildFile; fileRef = 5CF7109B1ABE769B006AACF9 /* getController.swift */; };
		5CF7109E1ABE782C006AACF9 /* UserService.swift in Sources */ = {isa = PBXBuildFile; fileRef = 5CF7109D1ABE782C006AACF9 /* UserService.swift */; };
/* End PBXBuildFile section */

/* Begin PBXContainerItemProxy section */
		5C0E6E3A1A958AE000222635 /* PBXContainerItemProxy */ = {
			isa = PBXContainerItemProxy;
			containerPortal = 5C0E6E1A1A958AE000222635 /* Project object */;
			proxyType = 1;
			remoteGlobalIDString = 5C0E6E211A958AE000222635;
			remoteInfo = Nursemaid;
		};
/* End PBXContainerItemProxy section */

/* Begin PBXCopyFilesBuildPhase section */
		5C0E6E4F1A958DC000222635 /* CopyFiles */ = {
			isa = PBXCopyFilesBuildPhase;
			buildActionMask = 2147483647;
			dstPath = "";
			dstSubfolderSpec = 10;
			files = (
			);
			runOnlyForDeploymentPostprocessing = 0;
		};
		5C7224E91A990DFE00AC2802 /* CopyFiles */ = {
			isa = PBXCopyFilesBuildPhase;
			buildActionMask = 2147483647;
			dstPath = "";
			dstSubfolderSpec = 10;
			files = (
			);
			runOnlyForDeploymentPostprocessing = 0;
		};
/* End PBXCopyFilesBuildPhase section */

/* Begin PBXFileReference section */
		5C0E6E221A958AE000222635 /* Nursemaid.app */ = {isa = PBXFileReference; explicitFileType = wrapper.application; includeInIndex = 0; path = Nursemaid.app; sourceTree = BUILT_PRODUCTS_DIR; };
		5C0E6E261A958AE000222635 /* Info.plist */ = {isa = PBXFileReference; lastKnownFileType = text.plist.xml; path = Info.plist; sourceTree = "<group>"; };
		5C0E6E271A958AE000222635 /* AppDelegate.swift */ = {isa = PBXFileReference; lastKnownFileType = sourcecode.swift; path = AppDelegate.swift; sourceTree = "<group>"; };
		5C0E6E291A958AE000222635 /* NursingViewController.swift */ = {isa = PBXFileReference; lastKnownFileType = sourcecode.swift; path = NursingViewController.swift; sourceTree = "<group>"; };
		5C0E6E2B1A958AE000222635 /* HistoryViewController.swift */ = {isa = PBXFileReference; lastKnownFileType = sourcecode.swift; path = HistoryViewController.swift; sourceTree = "<group>"; };
		5C0E6E2E1A958AE000222635 /* Base */ = {isa = PBXFileReference; lastKnownFileType = file.storyboard; name = Base; path = Base.lproj/Main.storyboard; sourceTree = "<group>"; };
		5C0E6E301A958AE000222635 /* Images.xcassets */ = {isa = PBXFileReference; lastKnownFileType = folder.assetcatalog; path = Images.xcassets; sourceTree = "<group>"; };
		5C0E6E331A958AE000222635 /* Base */ = {isa = PBXFileReference; lastKnownFileType = file.xib; name = Base; path = Base.lproj/LaunchScreen.xib; sourceTree = "<group>"; };
		5C0E6E391A958AE000222635 /* NursemaidTests.xctest */ = {isa = PBXFileReference; explicitFileType = wrapper.cfbundle; includeInIndex = 0; path = NursemaidTests.xctest; sourceTree = BUILT_PRODUCTS_DIR; };
		5C0E6E3E1A958AE000222635 /* Info.plist */ = {isa = PBXFileReference; lastKnownFileType = text.plist.xml; path = Info.plist; sourceTree = "<group>"; };
		5C0E6E531A9591D800222635 /* Timer.swift */ = {isa = PBXFileReference; fileEncoding = 4; lastKnownFileType = sourcecode.swift; path = Timer.swift; sourceTree = "<group>"; };
		5C0E6E571A9593DB00222635 /* TimerTests.swift */ = {isa = PBXFileReference; fileEncoding = 4; lastKnownFileType = sourcecode.swift; path = TimerTests.swift; sourceTree = "<group>"; };
		5C5350431ABB6C5C0068AF12 /* Bolts.framework */ = {isa = PBXFileReference; lastKnownFileType = wrapper.framework; path = Bolts.framework; sourceTree = "<group>"; };
		5C5350441ABB6C5C0068AF12 /* Parse.framework */ = {isa = PBXFileReference; lastKnownFileType = wrapper.framework; path = Parse.framework; sourceTree = "<group>"; };
		5C53504A1ABB6C970068AF12 /* AudioToolbox.framework */ = {isa = PBXFileReference; lastKnownFileType = wrapper.framework; name = AudioToolbox.framework; path = System/Library/Frameworks/AudioToolbox.framework; sourceTree = SDKROOT; };
		5C53504C1ABB6CC50068AF12 /* CFNetwork.framework */ = {isa = PBXFileReference; lastKnownFileType = wrapper.framework; name = CFNetwork.framework; path = System/Library/Frameworks/CFNetwork.framework; sourceTree = SDKROOT; };
		5C53504D1ABB6CC50068AF12 /* CoreGraphics.framework */ = {isa = PBXFileReference; lastKnownFileType = wrapper.framework; name = CoreGraphics.framework; path = System/Library/Frameworks/CoreGraphics.framework; sourceTree = SDKROOT; };
		5C53504E1ABB6CC50068AF12 /* CoreLocation.framework */ = {isa = PBXFileReference; lastKnownFileType = wrapper.framework; name = CoreLocation.framework; path = System/Library/Frameworks/CoreLocation.framework; sourceTree = SDKROOT; };
		5C53504F1ABB6CC50068AF12 /* MobileCoreServices.framework */ = {isa = PBXFileReference; lastKnownFileType = wrapper.framework; name = MobileCoreServices.framework; path = System/Library/Frameworks/MobileCoreServices.framework; sourceTree = SDKROOT; };
		5C5350501ABB6CC50068AF12 /* QuartzCore.framework */ = {isa = PBXFileReference; lastKnownFileType = wrapper.framework; name = QuartzCore.framework; path = System/Library/Frameworks/QuartzCore.framework; sourceTree = SDKROOT; };
		5C5350511ABB6CC50068AF12 /* Security.framework */ = {isa = PBXFileReference; lastKnownFileType = wrapper.framework; name = Security.framework; path = System/Library/Frameworks/Security.framework; sourceTree = SDKROOT; };
		5C5350521ABB6CC50068AF12 /* StoreKit.framework */ = {isa = PBXFileReference; lastKnownFileType = wrapper.framework; name = StoreKit.framework; path = System/Library/Frameworks/StoreKit.framework; sourceTree = SDKROOT; };
		5C5350531ABB6CC50068AF12 /* SystemConfiguration.framework */ = {isa = PBXFileReference; lastKnownFileType = wrapper.framework; name = SystemConfiguration.framework; path = System/Library/Frameworks/SystemConfiguration.framework; sourceTree = SDKROOT; };
		5C53505C1ABB6CCE0068AF12 /* libz.dylib */ = {isa = PBXFileReference; lastKnownFileType = "compiled.mach-o.dylib"; name = libz.dylib; path = usr/lib/libz.dylib; sourceTree = SDKROOT; };
		5C53505E1ABB6CD80068AF12 /* libsqlite3.dylib */ = {isa = PBXFileReference; lastKnownFileType = "compiled.mach-o.dylib"; name = libsqlite3.dylib; path = usr/lib/libsqlite3.dylib; sourceTree = SDKROOT; };
		5C6468331AAFD5E1002DE118 /* HomeViewController.swift */ = {isa = PBXFileReference; fileEncoding = 4; lastKnownFileType = sourcecode.swift; path = HomeViewController.swift; sourceTree = "<group>"; };
		5C6468371AAFD9E3002DE118 /* LogInViewController.swift */ = {isa = PBXFileReference; fileEncoding = 4; lastKnownFileType = sourcecode.swift; path = LogInViewController.swift; sourceTree = "<group>"; };
		5C70295E1AAA520900BA1D13 /* AppTheme.swift */ = {isa = PBXFileReference; fileEncoding = 4; lastKnownFileType = sourcecode.swift; path = AppTheme.swift; sourceTree = "<group>"; };
		5C7029621AAA559000BA1D13 /* AppearanceManager.swift */ = {isa = PBXFileReference; fileEncoding = 4; lastKnownFileType = sourcecode.swift; path = AppearanceManager.swift; sourceTree = "<group>"; };
		5C7029651AAA577100BA1D13 /* NightTheme.swift */ = {isa = PBXFileReference; fileEncoding = 4; lastKnownFileType = sourcecode.swift; path = NightTheme.swift; sourceTree = "<group>"; };
		5C7029671AAA577900BA1D13 /* DayTheme.swift */ = {isa = PBXFileReference; fileEncoding = 4; lastKnownFileType = sourcecode.swift; path = DayTheme.swift; sourceTree = "<group>"; };
		5C70296A1AAA5C4600BA1D13 /* Colors.swift */ = {isa = PBXFileReference; fileEncoding = 4; lastKnownFileType = sourcecode.swift; path = Colors.swift; sourceTree = "<group>"; };
		5C70296C1AAA9EFF00BA1D13 /* Themeable.swift */ = {isa = PBXFileReference; fileEncoding = 4; lastKnownFileType = sourcecode.swift; path = Themeable.swift; sourceTree = "<group>"; };
		5C80857B1AA0242B0062617A /* Breastfeeding.swift */ = {isa = PBXFileReference; fileEncoding = 4; lastKnownFileType = sourcecode.swift; path = Breastfeeding.swift; sourceTree = "<group>"; };
		5C80857E1AA030B40062617A /* HistoryTableCell.swift */ = {isa = PBXFileReference; fileEncoding = 4; lastKnownFileType = sourcecode.swift; path = HistoryTableCell.swift; sourceTree = "<group>"; };
		5C8085801AA04C2C0062617A /* TimeIntervalFormatter.swift */ = {isa = PBXFileReference; fileEncoding = 4; lastKnownFileType = sourcecode.swift; path = TimeIntervalFormatter.swift; sourceTree = "<group>"; };
		5CC898F91AB0F37A007BE346 /* colorFromHex.swift */ = {isa = PBXFileReference; fileEncoding = 4; lastKnownFileType = sourcecode.swift; path = colorFromHex.swift; sourceTree = "<group>"; };
		5CC898FC1AB102AD007BE346 /* isDaytime.swift */ = {isa = PBXFileReference; fileEncoding = 4; lastKnownFileType = sourcecode.swift; path = isDaytime.swift; sourceTree = "<group>"; };
		5CEDEE3D1AA6AAF300BBFE66 /* BreastService.swift */ = {isa = PBXFileReference; fileEncoding = 4; lastKnownFileType = sourcecode.swift; path = BreastService.swift; sourceTree = "<group>"; };
		5CEFCE781ABC61E800460830 /* BottleService.swift */ = {isa = PBXFileReference; fileEncoding = 4; lastKnownFileType = sourcecode.swift; path = BottleService.swift; sourceTree = "<group>"; };
		5CEFCE7A1ABC626400460830 /* Bottlefeeding.swift */ = {isa = PBXFileReference; fileEncoding = 4; lastKnownFileType = sourcecode.swift; path = Bottlefeeding.swift; sourceTree = "<group>"; };
		5CEFCE7E1ABCCB2200460830 /* BottleViewController.swift */ = {isa = PBXFileReference; fileEncoding = 4; lastKnownFileType = sourcecode.swift; path = BottleViewController.swift; sourceTree = "<group>"; };
		5CF710991ABE74AA006AACF9 /* Login.storyboard */ = {isa = PBXFileReference; fileEncoding = 4; lastKnownFileType = file.storyboard; path = Login.storyboard; sourceTree = "<group>"; };
		5CF7109B1ABE769B006AACF9 /* getController.swift */ = {isa = PBXFileReference; fileEncoding = 4; lastKnownFileType = sourcecode.swift; path = getController.swift; sourceTree = "<group>"; };
		5CF7109D1ABE782C006AACF9 /* UserService.swift */ = {isa = PBXFileReference; fileEncoding = 4; lastKnownFileType = sourcecode.swift; path = UserService.swift; sourceTree = "<group>"; };
/* End PBXFileReference section */

/* Begin PBXFrameworksBuildPhase section */
		5C0E6E1F1A958AE000222635 /* Frameworks */ = {
			isa = PBXFrameworksBuildPhase;
			buildActionMask = 2147483647;
			files = (
				5C53505F1ABB6CD80068AF12 /* libsqlite3.dylib in Frameworks */,
				5C53505D1ABB6CCE0068AF12 /* libz.dylib in Frameworks */,
				5C5350541ABB6CC50068AF12 /* CFNetwork.framework in Frameworks */,
				5C5350551ABB6CC50068AF12 /* CoreGraphics.framework in Frameworks */,
				5C5350561ABB6CC50068AF12 /* CoreLocation.framework in Frameworks */,
				5C5350571ABB6CC50068AF12 /* MobileCoreServices.framework in Frameworks */,
				5C5350581ABB6CC50068AF12 /* QuartzCore.framework in Frameworks */,
				5C5350591ABB6CC50068AF12 /* Security.framework in Frameworks */,
				5C53505A1ABB6CC50068AF12 /* StoreKit.framework in Frameworks */,
				5C53505B1ABB6CC50068AF12 /* SystemConfiguration.framework in Frameworks */,
				5C53504B1ABB6C970068AF12 /* AudioToolbox.framework in Frameworks */,
				5C5350471ABB6C5C0068AF12 /* Parse.framework in Frameworks */,
				5C5350451ABB6C5C0068AF12 /* Bolts.framework in Frameworks */,
			);
			runOnlyForDeploymentPostprocessing = 0;
		};
		5C0E6E361A958AE000222635 /* Frameworks */ = {
			isa = PBXFrameworksBuildPhase;
			buildActionMask = 2147483647;
			files = (
				5C5350481ABB6C5C0068AF12 /* Parse.framework in Frameworks */,
				5C5350461ABB6C5C0068AF12 /* Bolts.framework in Frameworks */,
			);
			runOnlyForDeploymentPostprocessing = 0;
		};
/* End PBXFrameworksBuildPhase section */

/* Begin PBXGroup section */
		5C0E6E191A958AE000222635 = {
			isa = PBXGroup;
			children = (
				5C0E6E241A958AE000222635 /* Nursemaid */,
				5C0E6E3C1A958AE000222635 /* NursemaidTests */,
				5C0E6E231A958AE000222635 /* Products */,
				5C5350491ABB6C610068AF12 /* Frameworks */,
			);
			sourceTree = "<group>";
		};
		5C0E6E231A958AE000222635 /* Products */ = {
			isa = PBXGroup;
			children = (
				5C0E6E221A958AE000222635 /* Nursemaid.app */,
				5C0E6E391A958AE000222635 /* NursemaidTests.xctest */,
			);
			name = Products;
			sourceTree = "<group>";
		};
		5C0E6E241A958AE000222635 /* Nursemaid */ = {
			isa = PBXGroup;
			children = (
				5C7029691AAA5C3D00BA1D13 /* Constants */,
				5CEDEE3C1AA6AADA00BBFE66 /* Services */,
				5C4FB0C41AA554460002758E /* Protocols */,
				5C0E6E521A9591BA00222635 /* Helpers */,
				5C0E6E5E1A963E2D00222635 /* Models */,
				5C7224EB1A990E3D00AC2802 /* Views */,
				5CC898FB1AB0FA14007BE346 /* Utils */,
				5C0E6E271A958AE000222635 /* AppDelegate.swift */,
				5C0E6E2D1A958AE000222635 /* Main.storyboard */,
				5C0E6E301A958AE000222635 /* Images.xcassets */,
				5C0E6E321A958AE000222635 /* LaunchScreen.xib */,
				5C0E6E251A958AE000222635 /* Supporting Files */,
			);
			path = Nursemaid;
			sourceTree = "<group>";
		};
		5C0E6E251A958AE000222635 /* Supporting Files */ = {
			isa = PBXGroup;
			children = (
				5C0E6E261A958AE000222635 /* Info.plist */,
			);
			name = "Supporting Files";
			sourceTree = "<group>";
		};
		5C0E6E3C1A958AE000222635 /* NursemaidTests */ = {
			isa = PBXGroup;
			children = (
				5C0E6E561A9593D000222635 /* Helpers */,
				5C0E6E3D1A958AE000222635 /* Supporting Files */,
			);
			path = NursemaidTests;
			sourceTree = "<group>";
		};
		5C0E6E3D1A958AE000222635 /* Supporting Files */ = {
			isa = PBXGroup;
			children = (
				5C0E6E3E1A958AE000222635 /* Info.plist */,
			);
			name = "Supporting Files";
			sourceTree = "<group>";
		};
		5C0E6E521A9591BA00222635 /* Helpers */ = {
			isa = PBXGroup;
			children = (
				5C7029641AAA55F000BA1D13 /* Themes */,
				5C0E6E531A9591D800222635 /* Timer.swift */,
				5C8085801AA04C2C0062617A /* TimeIntervalFormatter.swift */,
				5C7029621AAA559000BA1D13 /* AppearanceManager.swift */,
			);
			name = Helpers;
			sourceTree = "<group>";
		};
		5C0E6E561A9593D000222635 /* Helpers */ = {
			isa = PBXGroup;
			children = (
				5C0E6E571A9593DB00222635 /* TimerTests.swift */,
			);
			name = Helpers;
			sourceTree = "<group>";
		};
		5C0E6E5E1A963E2D00222635 /* Models */ = {
			isa = PBXGroup;
			children = (
				5C80857B1AA0242B0062617A /* Breastfeeding.swift */,
				5CEFCE7A1ABC626400460830 /* Bottlefeeding.swift */,
			);
			name = Models;
			sourceTree = "<group>";
		};
		5C4FB0C41AA554460002758E /* Protocols */ = {
			isa = PBXGroup;
			children = (
				5C70295E1AAA520900BA1D13 /* AppTheme.swift */,
				5C70296C1AAA9EFF00BA1D13 /* Themeable.swift */,
			);
			name = Protocols;
			sourceTree = "<group>";
		};
		5C5350491ABB6C610068AF12 /* Frameworks */ = {
			isa = PBXGroup;
			children = (
				5C53505E1ABB6CD80068AF12 /* libsqlite3.dylib */,
				5C53505C1ABB6CCE0068AF12 /* libz.dylib */,
				5C53504C1ABB6CC50068AF12 /* CFNetwork.framework */,
				5C53504D1ABB6CC50068AF12 /* CoreGraphics.framework */,
				5C53504E1ABB6CC50068AF12 /* CoreLocation.framework */,
				5C53504F1ABB6CC50068AF12 /* MobileCoreServices.framework */,
				5C5350501ABB6CC50068AF12 /* QuartzCore.framework */,
				5C5350511ABB6CC50068AF12 /* Security.framework */,
				5C5350521ABB6CC50068AF12 /* StoreKit.framework */,
				5C5350531ABB6CC50068AF12 /* SystemConfiguration.framework */,
				5C53504A1ABB6C970068AF12 /* AudioToolbox.framework */,
				5C5350431ABB6C5C0068AF12 /* Bolts.framework */,
				5C5350441ABB6C5C0068AF12 /* Parse.framework */,
			);
			name = Frameworks;
			sourceTree = "<group>";
		};
		5C7029641AAA55F000BA1D13 /* Themes */ = {
			isa = PBXGroup;
			children = (
				5C7029651AAA577100BA1D13 /* NightTheme.swift */,
				5C7029671AAA577900BA1D13 /* DayTheme.swift */,
			);
			name = Themes;
			sourceTree = "<group>";
		};
		5C7029691AAA5C3D00BA1D13 /* Constants */ = {
			isa = PBXGroup;
			children = (
				5C70296A1AAA5C4600BA1D13 /* Colors.swift */,
			);
			name = Constants;
			sourceTree = "<group>";
		};
		5C7224EB1A990E3D00AC2802 /* Views */ = {
			isa = PBXGroup;
			children = (
				5CF710981ABE749B006AACF9 /* Login */,
				5C80857D1AA030930062617A /* Table cells */,
				5C0E6E291A958AE000222635 /* NursingViewController.swift */,
				5C0E6E2B1A958AE000222635 /* HistoryViewController.swift */,
				5C6468331AAFD5E1002DE118 /* HomeViewController.swift */,
				5CEFCE7E1ABCCB2200460830 /* BottleViewController.swift */,
			);
			name = Views;
			sourceTree = "<group>";
		};
		5C80857D1AA030930062617A /* Table cells */ = {
			isa = PBXGroup;
			children = (
				5C80857E1AA030B40062617A /* HistoryTableCell.swift */,
			);
			name = "Table cells";
			sourceTree = "<group>";
		};
		5CC898FB1AB0FA14007BE346 /* Utils */ = {
			isa = PBXGroup;
			children = (
				5CC898F91AB0F37A007BE346 /* colorFromHex.swift */,
				5CC898FC1AB102AD007BE346 /* isDaytime.swift */,
				5CF7109B1ABE769B006AACF9 /* getController.swift */,
			);
			name = Utils;
			sourceTree = "<group>";
		};
		5CEDEE3C1AA6AADA00BBFE66 /* Services */ = {
			isa = PBXGroup;
			children = (
				5CEDEE3D1AA6AAF300BBFE66 /* BreastService.swift */,
				5CEFCE781ABC61E800460830 /* BottleService.swift */,
				5CF7109D1ABE782C006AACF9 /* UserService.swift */,
			);
			name = Services;
			sourceTree = "<group>";
		};
		5CF710981ABE749B006AACF9 /* Login */ = {
			isa = PBXGroup;
			children = (
				5CF710991ABE74AA006AACF9 /* Login.storyboard */,
				5C6468371AAFD9E3002DE118 /* LogInViewController.swift */,
			);
			name = Login;
			sourceTree = "<group>";
		};
/* End PBXGroup section */

/* Begin PBXNativeTarget section */
		5C0E6E211A958AE000222635 /* Nursemaid */ = {
			isa = PBXNativeTarget;
			buildConfigurationList = 5C0E6E431A958AE000222635 /* Build configuration list for PBXNativeTarget "Nursemaid" */;
			buildPhases = (
				5C0E6E1E1A958AE000222635 /* Sources */,
				5C0E6E1F1A958AE000222635 /* Frameworks */,
				5C0E6E201A958AE000222635 /* Resources */,
				5C7224E91A990DFE00AC2802 /* CopyFiles */,
			);
			buildRules = (
			);
			dependencies = (
			);
			name = Nursemaid;
			productName = Nursemaid;
			productReference = 5C0E6E221A958AE000222635 /* Nursemaid.app */;
			productType = "com.apple.product-type.application";
		};
		5C0E6E381A958AE000222635 /* NursemaidTests */ = {
			isa = PBXNativeTarget;
			buildConfigurationList = 5C0E6E461A958AE000222635 /* Build configuration list for PBXNativeTarget "NursemaidTests" */;
			buildPhases = (
				5C0E6E351A958AE000222635 /* Sources */,
				5C0E6E361A958AE000222635 /* Frameworks */,
				5C0E6E371A958AE000222635 /* Resources */,
				5C0E6E4F1A958DC000222635 /* CopyFiles */,
			);
			buildRules = (
			);
			dependencies = (
				5C0E6E3B1A958AE000222635 /* PBXTargetDependency */,
			);
			name = NursemaidTests;
			productName = NursemaidTests;
			productReference = 5C0E6E391A958AE000222635 /* NursemaidTests.xctest */;
			productType = "com.apple.product-type.bundle.unit-test";
		};
/* End PBXNativeTarget section */

/* Begin PBXProject section */
		5C0E6E1A1A958AE000222635 /* Project object */ = {
			isa = PBXProject;
			attributes = {
				LastUpgradeCheck = 0610;
				ORGANIZATIONNAME = bigevilrobot;
				TargetAttributes = {
					5C0E6E211A958AE000222635 = {
						CreatedOnToolsVersion = 6.1.1;
						DevelopmentTeam = 68DUL7QQ7V;
					};
					5C0E6E381A958AE000222635 = {
						CreatedOnToolsVersion = 6.1.1;
						TestTargetID = 5C0E6E211A958AE000222635;
					};
				};
			};
			buildConfigurationList = 5C0E6E1D1A958AE000222635 /* Build configuration list for PBXProject "Nursemaid" */;
			compatibilityVersion = "Xcode 3.2";
			developmentRegion = English;
			hasScannedForEncodings = 0;
			knownRegions = (
				en,
				Base,
			);
			mainGroup = 5C0E6E191A958AE000222635;
			productRefGroup = 5C0E6E231A958AE000222635 /* Products */;
			projectDirPath = "";
			projectRoot = "";
			targets = (
				5C0E6E211A958AE000222635 /* Nursemaid */,
				5C0E6E381A958AE000222635 /* NursemaidTests */,
			);
		};
/* End PBXProject section */

/* Begin PBXResourcesBuildPhase section */
		5C0E6E201A958AE000222635 /* Resources */ = {
			isa = PBXResourcesBuildPhase;
			buildActionMask = 2147483647;
			files = (
				5C0E6E2F1A958AE000222635 /* Main.storyboard in Resources */,
				5C0E6E341A958AE000222635 /* LaunchScreen.xib in Resources */,
				5CF7109A1ABE74AA006AACF9 /* Login.storyboard in Resources */,
				5C0E6E311A958AE000222635 /* Images.xcassets in Resources */,
			);
			runOnlyForDeploymentPostprocessing = 0;
		};
		5C0E6E371A958AE000222635 /* Resources */ = {
			isa = PBXResourcesBuildPhase;
			buildActionMask = 2147483647;
			files = (
			);
			runOnlyForDeploymentPostprocessing = 0;
		};
/* End PBXResourcesBuildPhase section */

/* Begin PBXSourcesBuildPhase section */
		5C0E6E1E1A958AE000222635 /* Sources */ = {
			isa = PBXSourcesBuildPhase;
			buildActionMask = 2147483647;
			files = (
				5CEDEE3E1AA6AAF300BBFE66 /* BreastService.swift in Sources */,
				5CC898FA1AB0F37A007BE346 /* colorFromHex.swift in Sources */,
				5C80857C1AA0242B0062617A /* Breastfeeding.swift in Sources */,
				5C70296B1AAA5C4600BA1D13 /* Colors.swift in Sources */,
				5CC898FD1AB102AD007BE346 /* isDaytime.swift in Sources */,
				5C7029631AAA559000BA1D13 /* AppearanceManager.swift in Sources */,
				5C6468341AAFD5E1002DE118 /* HomeViewController.swift in Sources */,
				5C70296D1AAA9EFF00BA1D13 /* Themeable.swift in Sources */,
				5CEFCE791ABC61E800460830 /* BottleService.swift in Sources */,
				5C0E6E2C1A958AE000222635 /* HistoryViewController.swift in Sources */,
				5C6468381AAFD9E3002DE118 /* LogInViewController.swift in Sources */,
				5C0E6E281A958AE000222635 /* AppDelegate.swift in Sources */,
				5CF7109C1ABE769B006AACF9 /* getController.swift in Sources */,
				5C80857F1AA030B40062617A /* HistoryTableCell.swift in Sources */,
				5C70295F1AAA520900BA1D13 /* AppTheme.swift in Sources */,
				5CEFCE7B1ABC626400460830 /* Bottlefeeding.swift in Sources */,
				5C0E6E2A1A958AE000222635 /* NursingViewController.swift in Sources */,
				5C7029681AAA577900BA1D13 /* DayTheme.swift in Sources */,
				5C8085811AA04C2C0062617A /* TimeIntervalFormatter.swift in Sources */,
				5CF7109E1ABE782C006AACF9 /* UserService.swift in Sources */,
				5CEFCE7F1ABCCB2200460830 /* BottleViewController.swift in Sources */,
				5C7029661AAA577100BA1D13 /* NightTheme.swift in Sources */,
				5C0E6E541A9591D800222635 /* Timer.swift in Sources */,
			);
			runOnlyForDeploymentPostprocessing = 0;
		};
		5C0E6E351A958AE000222635 /* Sources */ = {
			isa = PBXSourcesBuildPhase;
			buildActionMask = 2147483647;
			files = (
				5C0E6E591A9593DB00222635 /* TimerTests.swift in Sources */,
			);
			runOnlyForDeploymentPostprocessing = 0;
		};
/* End PBXSourcesBuildPhase section */

/* Begin PBXTargetDependency section */
		5C0E6E3B1A958AE000222635 /* PBXTargetDependency */ = {
			isa = PBXTargetDependency;
			target = 5C0E6E211A958AE000222635 /* Nursemaid */;
			targetProxy = 5C0E6E3A1A958AE000222635 /* PBXContainerItemProxy */;
		};
/* End PBXTargetDependency section */

/* Begin PBXVariantGroup section */
		5C0E6E2D1A958AE000222635 /* Main.storyboard */ = {
			isa = PBXVariantGroup;
			children = (
				5C0E6E2E1A958AE000222635 /* Base */,
			);
			name = Main.storyboard;
			sourceTree = "<group>";
		};
		5C0E6E321A958AE000222635 /* LaunchScreen.xib */ = {
			isa = PBXVariantGroup;
			children = (
				5C0E6E331A958AE000222635 /* Base */,
			);
			name = LaunchScreen.xib;
			sourceTree = "<group>";
		};
/* End PBXVariantGroup section */

/* Begin XCBuildConfiguration section */
		5C0E6E411A958AE000222635 /* Debug */ = {
			isa = XCBuildConfiguration;
			buildSettings = {
				ALWAYS_SEARCH_USER_PATHS = NO;
				CLANG_CXX_LANGUAGE_STANDARD = "gnu++0x";
				CLANG_CXX_LIBRARY = "libc++";
				CLANG_ENABLE_MODULES = YES;
				CLANG_ENABLE_OBJC_ARC = YES;
				CLANG_WARN_BOOL_CONVERSION = YES;
				CLANG_WARN_CONSTANT_CONVERSION = YES;
				CLANG_WARN_DIRECT_OBJC_ISA_USAGE = YES_ERROR;
				CLANG_WARN_EMPTY_BODY = YES;
				CLANG_WARN_ENUM_CONVERSION = YES;
				CLANG_WARN_INT_CONVERSION = YES;
				CLANG_WARN_OBJC_ROOT_CLASS = YES_ERROR;
				CLANG_WARN_UNREACHABLE_CODE = YES;
				CLANG_WARN__DUPLICATE_METHOD_MATCH = YES;
				"CODE_SIGN_IDENTITY[sdk=iphoneos*]" = "iPhone Developer";
				COPY_PHASE_STRIP = NO;
				ENABLE_STRICT_OBJC_MSGSEND = YES;
				FRAMEWORK_SEARCH_PATHS = "$(PLATFORM_DIR)/Developer/Library/Frameworks";
				GCC_C_LANGUAGE_STANDARD = gnu99;
				GCC_DYNAMIC_NO_PIC = NO;
				GCC_OPTIMIZATION_LEVEL = 0;
				GCC_PREPROCESSOR_DEFINITIONS = (
					"DEBUG=1",
					"$(inherited)",
				);
				GCC_SYMBOLS_PRIVATE_EXTERN = NO;
				GCC_WARN_64_TO_32_BIT_CONVERSION = YES;
				GCC_WARN_ABOUT_RETURN_TYPE = YES_ERROR;
				GCC_WARN_UNDECLARED_SELECTOR = YES;
				GCC_WARN_UNINITIALIZED_AUTOS = YES_AGGRESSIVE;
				GCC_WARN_UNUSED_FUNCTION = YES;
				GCC_WARN_UNUSED_VARIABLE = YES;
				IPHONEOS_DEPLOYMENT_TARGET = 8.1;
				MTL_ENABLE_DEBUG_INFO = YES;
				ONLY_ACTIVE_ARCH = YES;
				SDKROOT = iphoneos;
				SWIFT_OPTIMIZATION_LEVEL = "-Onone";
			};
			name = Debug;
		};
		5C0E6E421A958AE000222635 /* Release */ = {
			isa = XCBuildConfiguration;
			buildSettings = {
				ALWAYS_SEARCH_USER_PATHS = NO;
				CLANG_CXX_LANGUAGE_STANDARD = "gnu++0x";
				CLANG_CXX_LIBRARY = "libc++";
				CLANG_ENABLE_MODULES = YES;
				CLANG_ENABLE_OBJC_ARC = YES;
				CLANG_WARN_BOOL_CONVERSION = YES;
				CLANG_WARN_CONSTANT_CONVERSION = YES;
				CLANG_WARN_DIRECT_OBJC_ISA_USAGE = YES_ERROR;
				CLANG_WARN_EMPTY_BODY = YES;
				CLANG_WARN_ENUM_CONVERSION = YES;
				CLANG_WARN_INT_CONVERSION = YES;
				CLANG_WARN_OBJC_ROOT_CLASS = YES_ERROR;
				CLANG_WARN_UNREACHABLE_CODE = YES;
				CLANG_WARN__DUPLICATE_METHOD_MATCH = YES;
				"CODE_SIGN_IDENTITY[sdk=iphoneos*]" = "iPhone Developer";
				COPY_PHASE_STRIP = YES;
				ENABLE_NS_ASSERTIONS = NO;
				ENABLE_STRICT_OBJC_MSGSEND = YES;
				FRAMEWORK_SEARCH_PATHS = "$(PLATFORM_DIR)/Developer/Library/Frameworks";
				GCC_C_LANGUAGE_STANDARD = gnu99;
				GCC_WARN_64_TO_32_BIT_CONVERSION = YES;
				GCC_WARN_ABOUT_RETURN_TYPE = YES_ERROR;
				GCC_WARN_UNDECLARED_SELECTOR = YES;
				GCC_WARN_UNINITIALIZED_AUTOS = YES_AGGRESSIVE;
				GCC_WARN_UNUSED_FUNCTION = YES;
				GCC_WARN_UNUSED_VARIABLE = YES;
				IPHONEOS_DEPLOYMENT_TARGET = 8.1;
				MTL_ENABLE_DEBUG_INFO = NO;
				SDKROOT = iphoneos;
				VALIDATE_PRODUCT = YES;
			};
			name = Release;
		};
		5C0E6E441A958AE000222635 /* Debug */ = {
			isa = XCBuildConfiguration;
			buildSettings = {
				ASSETCATALOG_COMPILER_APPICON_NAME = AppIcon;
				CODE_SIGN_IDENTITY = "iPhone Developer";
				"CODE_SIGN_IDENTITY[sdk=iphoneos*]" = "iPhone Developer";
				FRAMEWORK_SEARCH_PATHS = (
					"$(inherited)",
					/Users/chrismontrois/Development/personal/nursemaid/Carthage/Build/iOS,
					"$(PROJECT_DIR)/Carthage/Build/iOS",
					"$(PROJECT_DIR)",
				);
				INFOPLIST_FILE = Nursemaid/Info.plist;
				LD_RUNPATH_SEARCH_PATHS = "$(inherited) @executable_path/Frameworks";
				PRODUCT_NAME = "$(TARGET_NAME)";
				PROVISIONING_PROFILE = "";
			};
			name = Debug;
		};
		5C0E6E451A958AE000222635 /* Release */ = {
			isa = XCBuildConfiguration;
			buildSettings = {
				ASSETCATALOG_COMPILER_APPICON_NAME = AppIcon;
				CODE_SIGN_IDENTITY = "iPhone Developer";
				"CODE_SIGN_IDENTITY[sdk=iphoneos*]" = "iPhone Developer";
				FRAMEWORK_SEARCH_PATHS = (
					"$(inherited)",
					/Users/chrismontrois/Development/personal/nursemaid/Carthage/Build/iOS,
					"$(PROJECT_DIR)/Carthage/Build/iOS",
					"$(PROJECT_DIR)",
				);
				INFOPLIST_FILE = Nursemaid/Info.plist;
				LD_RUNPATH_SEARCH_PATHS = "$(inherited) @executable_path/Frameworks";
				PRODUCT_NAME = "$(TARGET_NAME)";
				PROVISIONING_PROFILE = "";
			};
			name = Release;
		};
		5C0E6E471A958AE000222635 /* Debug */ = {
			isa = XCBuildConfiguration;
			buildSettings = {
				BUNDLE_LOADER = "$(TEST_HOST)";
				DEFINES_MODULE = YES;
				FRAMEWORK_SEARCH_PATHS = (
					"$(SDKROOT)/Developer/Library/Frameworks",
					"$(inherited)",
					"$(PLATFORM_DIR)/Developer/Library/Frameworks",
					"$(PROJECT_DIR)/Carthage/Build/iOS",
					"$(PROJECT_DIR)",
				);
				GCC_PREPROCESSOR_DEFINITIONS = (
					"DEBUG=1",
					"$(inherited)",
				);
				INFOPLIST_FILE = NursemaidTests/Info.plist;
				LD_RUNPATH_SEARCH_PATHS = "$(inherited) @executable_path/Frameworks @loader_path/Frameworks";
				PRODUCT_NAME = "$(TARGET_NAME)";
				TEST_HOST = "$(BUILT_PRODUCTS_DIR)/Nursemaid.app/Nursemaid";
			};
			name = Debug;
		};
		5C0E6E481A958AE000222635 /* Release */ = {
			isa = XCBuildConfiguration;
			buildSettings = {
				BUNDLE_LOADER = "$(TEST_HOST)";
				DEFINES_MODULE = YES;
				FRAMEWORK_SEARCH_PATHS = (
					"$(SDKROOT)/Developer/Library/Frameworks",
					"$(inherited)",
					"$(PLATFORM_DIR)/Developer/Library/Frameworks",
					"$(PROJECT_DIR)/Carthage/Build/iOS",
					"$(PROJECT_DIR)",
				);
				INFOPLIST_FILE = NursemaidTests/Info.plist;
				LD_RUNPATH_SEARCH_PATHS = "$(inherited) @executable_path/Frameworks @loader_path/Frameworks";
				PRODUCT_NAME = "$(TARGET_NAME)";
				TEST_HOST = "$(BUILT_PRODUCTS_DIR)/Nursemaid.app/Nursemaid";
			};
			name = Release;
		};
/* End XCBuildConfiguration section */

/* Begin XCConfigurationList section */
		5C0E6E1D1A958AE000222635 /* Build configuration list for PBXProject "Nursemaid" */ = {
			isa = XCConfigurationList;
			buildConfigurations = (
				5C0E6E411A958AE000222635 /* Debug */,
				5C0E6E421A958AE000222635 /* Release */,
			);
			defaultConfigurationIsVisible = 0;
			defaultConfigurationName = Release;
		};
		5C0E6E431A958AE000222635 /* Build configuration list for PBXNativeTarget "Nursemaid" */ = {
			isa = XCConfigurationList;
			buildConfigurations = (
				5C0E6E441A958AE000222635 /* Debug */,
				5C0E6E451A958AE000222635 /* Release */,
			);
			defaultConfigurationIsVisible = 0;
			defaultConfigurationName = Release;
		};
		5C0E6E461A958AE000222635 /* Build configuration list for PBXNativeTarget "NursemaidTests" */ = {
			isa = XCConfigurationList;
			buildConfigurations = (
				5C0E6E471A958AE000222635 /* Debug */,
				5C0E6E481A958AE000222635 /* Release */,
			);
			defaultConfigurationIsVisible = 0;
			defaultConfigurationName = Release;
		};
/* End XCConfigurationList section */
	};
	rootObject = 5C0E6E1A1A958AE000222635 /* Project object */;
}
